// !$*UTF8*$!
{
	archiveVersion = 1;
	classes = {
	};
	objectVersion = 56;
	objects = {

/* Begin PBXBuildFile section */
		244BFDEC2C7E376000407B83 /* FeatureShowcase.swift in Sources */ = {isa = PBXBuildFile; fileRef = 244BFDEB2C7E376000407B83 /* FeatureShowcase.swift */; };
		247B50502C73F392002FC8D2 /* CopyPadApp.swift in Sources */ = {isa = PBXBuildFile; fileRef = 247B504F2C73F392002FC8D2 /* CopyPadApp.swift */; };
		247B50542C73F394002FC8D2 /* Assets.xcassets in Resources */ = {isa = PBXBuildFile; fileRef = 247B50532C73F394002FC8D2 /* Assets.xcassets */; };
		247B50572C73F394002FC8D2 /* Preview Assets.xcassets in Resources */ = {isa = PBXBuildFile; fileRef = 247B50562C73F394002FC8D2 /* Preview Assets.xcassets */; };
		247B505F2C73F4F9002FC8D2 /* Card.swift in Sources */ = {isa = PBXBuildFile; fileRef = 247B505E2C73F4F9002FC8D2 /* Card.swift */; };
		247B50622C73F54C002FC8D2 /* KeyboardShortcuts in Frameworks */ = {isa = PBXBuildFile; productRef = 247B50612C73F54C002FC8D2 /* KeyboardShortcuts */; };
		247B50642C73FC68002FC8D2 /* LaunchOnLogin.swift in Sources */ = {isa = PBXBuildFile; fileRef = 247B50632C73FC68002FC8D2 /* LaunchOnLogin.swift */; };
		247B50662C73FEF0002FC8D2 /* AppPermissions.swift in Sources */ = {isa = PBXBuildFile; fileRef = 247B50652C73FEF0002FC8D2 /* AppPermissions.swift */; };
		247B50682C73FF74002FC8D2 /* AppRestrictions.swift in Sources */ = {isa = PBXBuildFile; fileRef = 247B50672C73FF74002FC8D2 /* AppRestrictions.swift */; };
		247B506C2C740174002FC8D2 /* CopyPadKeyboardShortcut.swift in Sources */ = {isa = PBXBuildFile; fileRef = 247B506B2C740174002FC8D2 /* CopyPadKeyboardShortcut.swift */; };
/* End PBXBuildFile section */

/* Begin PBXFileReference section */
		244BFDEB2C7E376000407B83 /* FeatureShowcase.swift */ = {isa = PBXFileReference; lastKnownFileType = sourcecode.swift; path = FeatureShowcase.swift; sourceTree = "<group>"; };
		247B504C2C73F392002FC8D2 /* CopyPad.app */ = {isa = PBXFileReference; explicitFileType = wrapper.application; includeInIndex = 0; path = CopyPad.app; sourceTree = BUILT_PRODUCTS_DIR; };
		247B504F2C73F392002FC8D2 /* CopyPadApp.swift */ = {isa = PBXFileReference; lastKnownFileType = sourcecode.swift; path = CopyPadApp.swift; sourceTree = "<group>"; };
		247B50532C73F394002FC8D2 /* Assets.xcassets */ = {isa = PBXFileReference; lastKnownFileType = folder.assetcatalog; path = Assets.xcassets; sourceTree = "<group>"; };
		247B50562C73F394002FC8D2 /* Preview Assets.xcassets */ = {isa = PBXFileReference; lastKnownFileType = folder.assetcatalog; path = "Preview Assets.xcassets"; sourceTree = "<group>"; };
		247B50582C73F394002FC8D2 /* CopyPad.entitlements */ = {isa = PBXFileReference; lastKnownFileType = text.plist.entitlements; path = CopyPad.entitlements; sourceTree = "<group>"; };
		247B505E2C73F4F9002FC8D2 /* Card.swift */ = {isa = PBXFileReference; fileEncoding = 4; lastKnownFileType = sourcecode.swift; path = Card.swift; sourceTree = "<group>"; };
		247B50632C73FC68002FC8D2 /* LaunchOnLogin.swift */ = {isa = PBXFileReference; lastKnownFileType = sourcecode.swift; path = LaunchOnLogin.swift; sourceTree = "<group>"; };
		247B50652C73FEF0002FC8D2 /* AppPermissions.swift */ = {isa = PBXFileReference; lastKnownFileType = sourcecode.swift; path = AppPermissions.swift; sourceTree = "<group>"; };
		247B50672C73FF74002FC8D2 /* AppRestrictions.swift */ = {isa = PBXFileReference; lastKnownFileType = sourcecode.swift; path = AppRestrictions.swift; sourceTree = "<group>"; };
		247B506B2C740174002FC8D2 /* CopyPadKeyboardShortcut.swift */ = {isa = PBXFileReference; fileEncoding = 4; lastKnownFileType = sourcecode.swift; path = CopyPadKeyboardShortcut.swift; sourceTree = "<group>"; };
/* End PBXFileReference section */

/* Begin PBXFrameworksBuildPhase section */
		247B50492C73F392002FC8D2 /* Frameworks */ = {
			isa = PBXFrameworksBuildPhase;
			buildActionMask = 2147483647;
			files = (
				247B50622C73F54C002FC8D2 /* KeyboardShortcuts in Frameworks */,
			);
			runOnlyForDeploymentPostprocessing = 0;
		};
/* End PBXFrameworksBuildPhase section */

/* Begin PBXGroup section */
		247B50432C73F392002FC8D2 = {
			isa = PBXGroup;
			children = (
				247B504E2C73F392002FC8D2 /* CopyPad */,
				247B504D2C73F392002FC8D2 /* Products */,
			);
			sourceTree = "<group>";
		};
		247B504D2C73F392002FC8D2 /* Products */ = {
			isa = PBXGroup;
			children = (
				247B504C2C73F392002FC8D2 /* CopyPad.app */,
			);
			name = Products;
			sourceTree = "<group>";
		};
		247B504E2C73F392002FC8D2 /* CopyPad */ = {
			isa = PBXGroup;
			children = (
				247B505E2C73F4F9002FC8D2 /* Card.swift */,
				247B504F2C73F392002FC8D2 /* CopyPadApp.swift */,
				247B50632C73FC68002FC8D2 /* LaunchOnLogin.swift */,
				247B50652C73FEF0002FC8D2 /* AppPermissions.swift */,
				247B50672C73FF74002FC8D2 /* AppRestrictions.swift */,
				247B506B2C740174002FC8D2 /* CopyPadKeyboardShortcut.swift */,
				244BFDEB2C7E376000407B83 /* FeatureShowcase.swift */,
				247B50532C73F394002FC8D2 /* Assets.xcassets */,
				247B50582C73F394002FC8D2 /* CopyPad.entitlements */,
				247B50552C73F394002FC8D2 /* Preview Content */,
			);
			path = CopyPad;
			sourceTree = "<group>";
		};
		247B50552C73F394002FC8D2 /* Preview Content */ = {
			isa = PBXGroup;
			children = (
				247B50562C73F394002FC8D2 /* Preview Assets.xcassets */,
			);
			path = "Preview Content";
			sourceTree = "<group>";
		};
/* End PBXGroup section */

/* Begin PBXNativeTarget section */
		247B504B2C73F392002FC8D2 /* CopyPad */ = {
			isa = PBXNativeTarget;
			buildConfigurationList = 247B505B2C73F394002FC8D2 /* Build configuration list for PBXNativeTarget "CopyPad" */;
			buildPhases = (
				247B50482C73F392002FC8D2 /* Sources */,
				247B50492C73F392002FC8D2 /* Frameworks */,
				247B504A2C73F392002FC8D2 /* Resources */,
			);
			buildRules = (
			);
			dependencies = (
			);
			name = CopyPad;
			packageProductDependencies = (
				247B50612C73F54C002FC8D2 /* KeyboardShortcuts */,
			);
			productName = CopyPad;
			productReference = 247B504C2C73F392002FC8D2 /* CopyPad.app */;
			productType = "com.apple.product-type.application";
		};
/* End PBXNativeTarget section */

/* Begin PBXProject section */
		247B50442C73F392002FC8D2 /* Project object */ = {
			isa = PBXProject;
			attributes = {
				BuildIndependentTargetsInParallel = 1;
				LastSwiftUpdateCheck = 1540;
				LastUpgradeCheck = 1540;
				TargetAttributes = {
					247B504B2C73F392002FC8D2 = {
						CreatedOnToolsVersion = 15.4;
					};
				};
			};
			buildConfigurationList = 247B50472C73F392002FC8D2 /* Build configuration list for PBXProject "CopyPad" */;
			compatibilityVersion = "Xcode 14.0";
			developmentRegion = en;
			hasScannedForEncodings = 0;
			knownRegions = (
				en,
				Base,
			);
			mainGroup = 247B50432C73F392002FC8D2;
			packageReferences = (
				247B50602C73F54C002FC8D2 /* XCRemoteSwiftPackageReference "KeyboardShortcuts" */,
			);
			productRefGroup = 247B504D2C73F392002FC8D2 /* Products */;
			projectDirPath = "";
			projectRoot = "";
			targets = (
				247B504B2C73F392002FC8D2 /* CopyPad */,
			);
		};
/* End PBXProject section */

/* Begin PBXResourcesBuildPhase section */
		247B504A2C73F392002FC8D2 /* Resources */ = {
			isa = PBXResourcesBuildPhase;
			buildActionMask = 2147483647;
			files = (
				247B50572C73F394002FC8D2 /* Preview Assets.xcassets in Resources */,
				247B50542C73F394002FC8D2 /* Assets.xcassets in Resources */,
			);
			runOnlyForDeploymentPostprocessing = 0;
		};
/* End PBXResourcesBuildPhase section */

/* Begin PBXSourcesBuildPhase section */
		247B50482C73F392002FC8D2 /* Sources */ = {
			isa = PBXSourcesBuildPhase;
			buildActionMask = 2147483647;
			files = (
				247B50662C73FEF0002FC8D2 /* AppPermissions.swift in Sources */,
				247B50502C73F392002FC8D2 /* CopyPadApp.swift in Sources */,
				247B50642C73FC68002FC8D2 /* LaunchOnLogin.swift in Sources */,
				247B50682C73FF74002FC8D2 /* AppRestrictions.swift in Sources */,
				247B505F2C73F4F9002FC8D2 /* Card.swift in Sources */,
				244BFDEC2C7E376000407B83 /* FeatureShowcase.swift in Sources */,
				247B506C2C740174002FC8D2 /* CopyPadKeyboardShortcut.swift in Sources */,
			);
			runOnlyForDeploymentPostprocessing = 0;
		};
/* End PBXSourcesBuildPhase section */

/* Begin XCBuildConfiguration section */
		247B50592C73F394002FC8D2 /* Debug */ = {
			isa = XCBuildConfiguration;
			buildSettings = {
				ALWAYS_SEARCH_USER_PATHS = NO;
				ASSETCATALOG_COMPILER_GENERATE_SWIFT_ASSET_SYMBOL_EXTENSIONS = YES;
				CLANG_ANALYZER_NONNULL = YES;
				CLANG_ANALYZER_NUMBER_OBJECT_CONVERSION = YES_AGGRESSIVE;
				CLANG_CXX_LANGUAGE_STANDARD = "gnu++20";
				CLANG_ENABLE_MODULES = YES;
				CLANG_ENABLE_OBJC_ARC = YES;
				CLANG_ENABLE_OBJC_WEAK = YES;
				CLANG_WARN_BLOCK_CAPTURE_AUTORELEASING = YES;
				CLANG_WARN_BOOL_CONVERSION = YES;
				CLANG_WARN_COMMA = YES;
				CLANG_WARN_CONSTANT_CONVERSION = YES;
				CLANG_WARN_DEPRECATED_OBJC_IMPLEMENTATIONS = YES;
				CLANG_WARN_DIRECT_OBJC_ISA_USAGE = YES_ERROR;
				CLANG_WARN_DOCUMENTATION_COMMENTS = YES;
				CLANG_WARN_EMPTY_BODY = YES;
				CLANG_WARN_ENUM_CONVERSION = YES;
				CLANG_WARN_INFINITE_RECURSION = YES;
				CLANG_WARN_INT_CONVERSION = YES;
				CLANG_WARN_NON_LITERAL_NULL_CONVERSION = YES;
				CLANG_WARN_OBJC_IMPLICIT_RETAIN_SELF = YES;
				CLANG_WARN_OBJC_LITERAL_CONVERSION = YES;
				CLANG_WARN_OBJC_ROOT_CLASS = YES_ERROR;
				CLANG_WARN_QUOTED_INCLUDE_IN_FRAMEWORK_HEADER = YES;
				CLANG_WARN_RANGE_LOOP_ANALYSIS = YES;
				CLANG_WARN_STRICT_PROTOTYPES = YES;
				CLANG_WARN_SUSPICIOUS_MOVE = YES;
				CLANG_WARN_UNGUARDED_AVAILABILITY = YES_AGGRESSIVE;
				CLANG_WARN_UNREACHABLE_CODE = YES;
				CLANG_WARN__DUPLICATE_METHOD_MATCH = YES;
				COPY_PHASE_STRIP = NO;
				DEBUG_INFORMATION_FORMAT = dwarf;
				ENABLE_STRICT_OBJC_MSGSEND = YES;
				ENABLE_TESTABILITY = YES;
				ENABLE_USER_SCRIPT_SANDBOXING = YES;
				GCC_C_LANGUAGE_STANDARD = gnu17;
				GCC_DYNAMIC_NO_PIC = NO;
				GCC_NO_COMMON_BLOCKS = YES;
				GCC_OPTIMIZATION_LEVEL = 0;
				GCC_PREPROCESSOR_DEFINITIONS = (
					"DEBUG=1",
					"$(inherited)",
				);
				GCC_WARN_64_TO_32_BIT_CONVERSION = YES;
				GCC_WARN_ABOUT_RETURN_TYPE = YES_ERROR;
				GCC_WARN_UNDECLARED_SELECTOR = YES;
				GCC_WARN_UNINITIALIZED_AUTOS = YES_AGGRESSIVE;
				GCC_WARN_UNUSED_FUNCTION = YES;
				GCC_WARN_UNUSED_VARIABLE = YES;
				LOCALIZATION_PREFERS_STRING_CATALOGS = YES;
				MACOSX_DEPLOYMENT_TARGET = 14.5;
				MTL_ENABLE_DEBUG_INFO = INCLUDE_SOURCE;
				MTL_FAST_MATH = YES;
				ONLY_ACTIVE_ARCH = YES;
				SDKROOT = macosx;
				SWIFT_ACTIVE_COMPILATION_CONDITIONS = "DEBUG $(inherited)";
				SWIFT_OPTIMIZATION_LEVEL = "-Onone";
			};
			name = Debug;
		};
		247B505A2C73F394002FC8D2 /* Release */ = {
			isa = XCBuildConfiguration;
			buildSettings = {
				ALWAYS_SEARCH_USER_PATHS = NO;
				ASSETCATALOG_COMPILER_GENERATE_SWIFT_ASSET_SYMBOL_EXTENSIONS = YES;
				CLANG_ANALYZER_NONNULL = YES;
				CLANG_ANALYZER_NUMBER_OBJECT_CONVERSION = YES_AGGRESSIVE;
				CLANG_CXX_LANGUAGE_STANDARD = "gnu++20";
				CLANG_ENABLE_MODULES = YES;
				CLANG_ENABLE_OBJC_ARC = YES;
				CLANG_ENABLE_OBJC_WEAK = YES;
				CLANG_WARN_BLOCK_CAPTURE_AUTORELEASING = YES;
				CLANG_WARN_BOOL_CONVERSION = YES;
				CLANG_WARN_COMMA = YES;
				CLANG_WARN_CONSTANT_CONVERSION = YES;
				CLANG_WARN_DEPRECATED_OBJC_IMPLEMENTATIONS = YES;
				CLANG_WARN_DIRECT_OBJC_ISA_USAGE = YES_ERROR;
				CLANG_WARN_DOCUMENTATION_COMMENTS = YES;
				CLANG_WARN_EMPTY_BODY = YES;
				CLANG_WARN_ENUM_CONVERSION = YES;
				CLANG_WARN_INFINITE_RECURSION = YES;
				CLANG_WARN_INT_CONVERSION = YES;
				CLANG_WARN_NON_LITERAL_NULL_CONVERSION = YES;
				CLANG_WARN_OBJC_IMPLICIT_RETAIN_SELF = YES;
				CLANG_WARN_OBJC_LITERAL_CONVERSION = YES;
				CLANG_WARN_OBJC_ROOT_CLASS = YES_ERROR;
				CLANG_WARN_QUOTED_INCLUDE_IN_FRAMEWORK_HEADER = YES;
				CLANG_WARN_RANGE_LOOP_ANALYSIS = YES;
				CLANG_WARN_STRICT_PROTOTYPES = YES;
				CLANG_WARN_SUSPICIOUS_MOVE = YES;
				CLANG_WARN_UNGUARDED_AVAILABILITY = YES_AGGRESSIVE;
				CLANG_WARN_UNREACHABLE_CODE = YES;
				CLANG_WARN__DUPLICATE_METHOD_MATCH = YES;
				COPY_PHASE_STRIP = NO;
				DEBUG_INFORMATION_FORMAT = "dwarf-with-dsym";
				ENABLE_NS_ASSERTIONS = NO;
				ENABLE_STRICT_OBJC_MSGSEND = YES;
				ENABLE_USER_SCRIPT_SANDBOXING = YES;
				GCC_C_LANGUAGE_STANDARD = gnu17;
				GCC_NO_COMMON_BLOCKS = YES;
				GCC_WARN_64_TO_32_BIT_CONVERSION = YES;
				GCC_WARN_ABOUT_RETURN_TYPE = YES_ERROR;
				GCC_WARN_UNDECLARED_SELECTOR = YES;
				GCC_WARN_UNINITIALIZED_AUTOS = YES_AGGRESSIVE;
				GCC_WARN_UNUSED_FUNCTION = YES;
				GCC_WARN_UNUSED_VARIABLE = YES;
				LOCALIZATION_PREFERS_STRING_CATALOGS = YES;
				MACOSX_DEPLOYMENT_TARGET = 14.5;
				MTL_ENABLE_DEBUG_INFO = NO;
				MTL_FAST_MATH = YES;
				SDKROOT = macosx;
				SWIFT_COMPILATION_MODE = wholemodule;
			};
			name = Release;
		};
		247B505C2C73F394002FC8D2 /* Debug */ = {
			isa = XCBuildConfiguration;
			buildSettings = {
				ASSETCATALOG_COMPILER_APPICON_NAME = AppIcon;
				ASSETCATALOG_COMPILER_GLOBAL_ACCENT_COLOR_NAME = AccentColor;
				CODE_SIGN_ENTITLEMENTS = CopyPad/CopyPad.entitlements;
				CODE_SIGN_STYLE = Automatic;
				COMBINE_HIDPI_IMAGES = YES;
				CURRENT_PROJECT_VERSION = 1;
				DEVELOPMENT_ASSET_PATHS = "\"CopyPad/Preview Content\"";
				DEVELOPMENT_TEAM = 8W8N5BQ786;
				ENABLE_HARDENED_RUNTIME = YES;
				ENABLE_PREVIEWS = YES;
				GENERATE_INFOPLIST_FILE = YES;
				INFOPLIST_KEY_NSHumanReadableCopyright = "";
				LD_RUNPATH_SEARCH_PATHS = (
					"$(inherited)",
					"@executable_path/../Frameworks",
				);
				MARKETING_VERSION = 1.0;
				PRODUCT_BUNDLE_IDENTIFIER = Aram.CopyPad;
				PRODUCT_NAME = "$(TARGET_NAME)";
				SWIFT_EMIT_LOC_STRINGS = YES;
				SWIFT_VERSION = 5.0;
			};
			name = Debug;
		};
		247B505D2C73F394002FC8D2 /* Release */ = {
			isa = XCBuildConfiguration;
			buildSettings = {
				ASSETCATALOG_COMPILER_APPICON_NAME = AppIcon;
				ASSETCATALOG_COMPILER_GLOBAL_ACCENT_COLOR_NAME = AccentColor;
				CODE_SIGN_ENTITLEMENTS = CopyPad/CopyPad.entitlements;
				CODE_SIGN_STYLE = Automatic;
				COMBINE_HIDPI_IMAGES = YES;
				CURRENT_PROJECT_VERSION = 1;
				DEVELOPMENT_ASSET_PATHS = "\"CopyPad/Preview Content\"";
				DEVELOPMENT_TEAM = 8W8N5BQ786;
				ENABLE_HARDENED_RUNTIME = YES;
				ENABLE_PREVIEWS = YES;
				GENERATE_INFOPLIST_FILE = YES;
				INFOPLIST_KEY_NSHumanReadableCopyright = "";
				LD_RUNPATH_SEARCH_PATHS = (
					"$(inherited)",
					"@executable_path/../Frameworks",
				);
				MARKETING_VERSION = 1.0;
				PRODUCT_BUNDLE_IDENTIFIER = Aram.CopyPad;
				PRODUCT_NAME = "$(TARGET_NAME)";
				SWIFT_EMIT_LOC_STRINGS = YES;
				SWIFT_VERSION = 5.0;
			};
			name = Release;
		};
/* End XCBuildConfiguration section */

/* Begin XCConfigurationList section */
		247B50472C73F392002FC8D2 /* Build configuration list for PBXProject "CopyPad" */ = {
			isa = XCConfigurationList;
			buildConfigurations = (
				247B50592C73F394002FC8D2 /* Debug */,
				247B505A2C73F394002FC8D2 /* Release */,
			);
			defaultConfigurationIsVisible = 0;
			defaultConfigurationName = Release;
		};
		247B505B2C73F394002FC8D2 /* Build configuration list for PBXNativeTarget "CopyPad" */ = {
			isa = XCConfigurationList;
			buildConfigurations = (
				247B505C2C73F394002FC8D2 /* Debug */,
				247B505D2C73F394002FC8D2 /* Release */,
			);
			defaultConfigurationIsVisible = 0;
			defaultConfigurationName = Release;
		};
/* End XCConfigurationList section */

/* Begin XCRemoteSwiftPackageReference section */
		247B50602C73F54C002FC8D2 /* XCRemoteSwiftPackageReference "KeyboardShortcuts" */ = {
			isa = XCRemoteSwiftPackageReference;
			repositoryURL = "https://github.com/sindresorhus/KeyboardShortcuts";
			requirement = {
				kind = upToNextMajorVersion;
				minimumVersion = 2.0.1;
			};
		};
/* End XCRemoteSwiftPackageReference section */

/* Begin XCSwiftPackageProductDependency section */
		247B50612C73F54C002FC8D2 /* KeyboardShortcuts */ = {
			isa = XCSwiftPackageProductDependency;
			package = 247B50602C73F54C002FC8D2 /* XCRemoteSwiftPackageReference "KeyboardShortcuts" */;
			productName = KeyboardShortcuts;
		};
/* End XCSwiftPackageProductDependency section */
	};
	rootObject = 247B50442C73F392002FC8D2 /* Project object */;
}
